
Microsoft Visual Studio Solution File, Format Version 12.00
# Visual Studio Version 16
VisualStudioVersion = 16.0.32630.194
MinimumVisualStudioVersion = 10.0.40219.1
Project("{9A19103F-16F7-4668-BE54-9A1E7A4F7556}") = "AvOptions", "AvOptions.csproj", "{E1320C4D-19D0-4CF5-81F4-A0EA678130C6}"
EndProject
Global
	GlobalSection(SolutionConfigurationPlatforms) = preSolution
		Debug|Any CPU = Debug|Any CPU
		Release|Any CPU = Release|Any CPU
	EndGlobalSection
	GlobalSection(ProjectConfigurationPlatforms) = postSolution
		{E1320C4D-19D0-4CF5-81F4-A0EA678130C6}.Debug|Any CPU.ActiveCfg = Debug|Any CPU
		{E1320C4D-19D0-4CF5-81F4-A0EA678130C6}.Debug|Any CPU.Build.0 = Debug|Any CPU
		{E1320C4D-19D0-4CF5-81F4-A0EA678130C6}.Release|Any CPU.ActiveCfg = Release|Any CPU
		{E1320C4D-19D0-4CF5-81F4-A0EA678130C6}.Release|Any CPU.Build.0 = Release|Any CPU
	EndGlobalSection
	GlobalSection(SolutionProperties) = preSolution
		HideSolutionNode = FALSE
	EndGlobalSection
	GlobalSection(ExtensibilityGlobals) = postSolution
		SolutionGuid = {67FDB5E0-89DD-4B53-9270-2DBA1979317E}
	EndGlobalSection
EndGlobal
